
Microsoft Visual Studio Solution File, Format Version 12.00
# Visual Studio Version 17
VisualStudioVersion = 17.7.34024.191
MinimumVisualStudioVersion = 10.0.40219.1
Project("{FAE04EC0-301F-11D3-BF4B-00C04F79EFBC}") = "01-Entry", "01-Entry\01-Entry.csproj", "{10E5C53C-D6D0-47DC-9B71-C01CA48B21C1}"
EndProject
Project("{FAE04EC0-301F-11D3-BF4B-00C04F79EFBC}") = "02-String", "02-String\02-String.csproj", "{A4A87999-07E6-4BF6-A672-1734C22F293E}"
EndProject
Project("{FAE04EC0-301F-11D3-BF4B-00C04F79EFBC}") = "03-Char", "03-Char\03-Char.csproj", "{18EB66FA-E551-4AEE-A16C-3507B335AEB0}"
EndProject
Project("{FAE04EC0-301F-11D3-BF4B-00C04F79EFBC}") = "04-Numbers", "04-Numbers\04-Numbers.csproj", "{CE7611E5-112E-452E-ACBE-D1A675472F9B}"
EndProject
Project("{FAE04EC0-301F-11D3-BF4B-00C04F79EFBC}") = "05-Boolean", "05-Boolean\05-Boolean.csproj", "{D0A483BB-8E1D-405D-8B0E-07E0ABFFA78C}"
EndProject
Project("{FAE04EC0-301F-11D3-BF4B-00C04F79EFBC}") = "06-Variable Fields", "06-Variable Fields\06-Variable Fields.csproj", "{FCB9292D-9EFC-4C54-9D33-78F5ECAE9A01}"
EndProject
Project("{FAE04EC0-301F-11D3-BF4B-00C04F79EFBC}") = "07-Time Values", "07-Time Values\07-Time Values.csproj", "{D9D7E1F0-04E7-45E7-B4D4-F2D1C50AFFD2}"
EndProject
Project("{FAE04EC0-301F-11D3-BF4B-00C04F79EFBC}") = "08-IsOperator", "08-IsOperator\08-IsOperator.csproj", "{D0A53611-BCBA-4D59-A470-F86380050004}"
EndProject
Project("{FAE04EC0-301F-11D3-BF4B-00C04F79EFBC}") = "09-AsOperator", "09-AsOperator\09-AsOperator.csproj", "{40B79156-393B-44EF-8840-2A2E1C7FF741}"
EndProject
Project("{FAE04EC0-301F-11D3-BF4B-00C04F79EFBC}") = "10-Exercise", "10-Exercise\10-Exercise.csproj", "{25AE2DE3-F1F9-4760-AA91-6E5D59B2CFE6}"
EndProject
Global
	GlobalSection(SolutionConfigurationPlatforms) = preSolution
		Debug|Any CPU = Debug|Any CPU
		Release|Any CPU = Release|Any CPU
	EndGlobalSection
	GlobalSection(ProjectConfigurationPlatforms) = postSolution
		{10E5C53C-D6D0-47DC-9B71-C01CA48B21C1}.Debug|Any CPU.ActiveCfg = Debug|Any CPU
		{10E5C53C-D6D0-47DC-9B71-C01CA48B21C1}.Debug|Any CPU.Build.0 = Debug|Any CPU
		{10E5C53C-D6D0-47DC-9B71-C01CA48B21C1}.Release|Any CPU.ActiveCfg = Release|Any CPU
		{10E5C53C-D6D0-47DC-9B71-C01CA48B21C1}.Release|Any CPU.Build.0 = Release|Any CPU
		{A4A87999-07E6-4BF6-A672-1734C22F293E}.Debug|Any CPU.ActiveCfg = Debug|Any CPU
		{A4A87999-07E6-4BF6-A672-1734C22F293E}.Debug|Any CPU.Build.0 = Debug|Any CPU
		{A4A87999-07E6-4BF6-A672-1734C22F293E}.Release|Any CPU.ActiveCfg = Release|Any CPU
		{A4A87999-07E6-4BF6-A672-1734C22F293E}.Release|Any CPU.Build.0 = Release|Any CPU
		{18EB66FA-E551-4AEE-A16C-3507B335AEB0}.Debug|Any CPU.ActiveCfg = Debug|Any CPU
		{18EB66FA-E551-4AEE-A16C-3507B335AEB0}.Debug|Any CPU.Build.0 = Debug|Any CPU
		{18EB66FA-E551-4AEE-A16C-3507B335AEB0}.Release|Any CPU.ActiveCfg = Release|Any CPU
		{18EB66FA-E551-4AEE-A16C-3507B335AEB0}.Release|Any CPU.Build.0 = Release|Any CPU
		{CE7611E5-112E-452E-ACBE-D1A675472F9B}.Debug|Any CPU.ActiveCfg = Debug|Any CPU
		{CE7611E5-112E-452E-ACBE-D1A675472F9B}.Debug|Any CPU.Build.0 = Debug|Any CPU
		{CE7611E5-112E-452E-ACBE-D1A675472F9B}.Release|Any CPU.ActiveCfg = Release|Any CPU
		{CE7611E5-112E-452E-ACBE-D1A675472F9B}.Release|Any CPU.Build.0 = Release|Any CPU
		{D0A483BB-8E1D-405D-8B0E-07E0ABFFA78C}.Debug|Any CPU.ActiveCfg = Debug|Any CPU
		{D0A483BB-8E1D-405D-8B0E-07E0ABFFA78C}.Debug|Any CPU.Build.0 = Debug|Any CPU
		{D0A483BB-8E1D-405D-8B0E-07E0ABFFA78C}.Release|Any CPU.ActiveCfg = Release|Any CPU
		{D0A483BB-8E1D-405D-8B0E-07E0ABFFA78C}.Release|Any CPU.Build.0 = Release|Any CPU
		{FCB9292D-9EFC-4C54-9D33-78F5ECAE9A01}.Debug|Any CPU.ActiveCfg = Debug|Any CPU
		{FCB9292D-9EFC-4C54-9D33-78F5ECAE9A01}.Debug|Any CPU.Build.0 = Debug|Any CPU
		{FCB9292D-9EFC-4C54-9D33-78F5ECAE9A01}.Release|Any CPU.ActiveCfg = Release|Any CPU
		{FCB9292D-9EFC-4C54-9D33-78F5ECAE9A01}.Release|Any CPU.Build.0 = Release|Any CPU
		{D9D7E1F0-04E7-45E7-B4D4-F2D1C50AFFD2}.Debug|Any CPU.ActiveCfg = Debug|Any CPU
		{D9D7E1F0-04E7-45E7-B4D4-F2D1C50AFFD2}.Debug|Any CPU.Build.0 = Debug|Any CPU
		{D9D7E1F0-04E7-45E7-B4D4-F2D1C50AFFD2}.Release|Any CPU.ActiveCfg = Release|Any CPU
		{D9D7E1F0-04E7-45E7-B4D4-F2D1C50AFFD2}.Release|Any CPU.Build.0 = Release|Any CPU
		{D0A53611-BCBA-4D59-A470-F86380050004}.Debug|Any CPU.ActiveCfg = Debug|Any CPU
		{D0A53611-BCBA-4D59-A470-F86380050004}.Debug|Any CPU.Build.0 = Debug|Any CPU
		{D0A53611-BCBA-4D59-A470-F86380050004}.Release|Any CPU.ActiveCfg = Release|Any CPU
		{D0A53611-BCBA-4D59-A470-F86380050004}.Release|Any CPU.Build.0 = Release|Any CPU
		{40B79156-393B-44EF-8840-2A2E1C7FF741}.Debug|Any CPU.ActiveCfg = Debug|Any CPU
		{40B79156-393B-44EF-8840-2A2E1C7FF741}.Debug|Any CPU.Build.0 = Debug|Any CPU
		{40B79156-393B-44EF-8840-2A2E1C7FF741}.Release|Any CPU.ActiveCfg = Release|Any CPU
		{40B79156-393B-44EF-8840-2A2E1C7FF741}.Release|Any CPU.Build.0 = Release|Any CPU
		{25AE2DE3-F1F9-4760-AA91-6E5D59B2CFE6}.Debug|Any CPU.ActiveCfg = Debug|Any CPU
		{25AE2DE3-F1F9-4760-AA91-6E5D59B2CFE6}.Debug|Any CPU.Build.0 = Debug|Any CPU
		{25AE2DE3-F1F9-4760-AA91-6E5D59B2CFE6}.Release|Any CPU.ActiveCfg = Release|Any CPU
		{25AE2DE3-F1F9-4760-AA91-6E5D59B2CFE6}.Release|Any CPU.Build.0 = Release|Any CPU
	EndGlobalSection
	GlobalSection(SolutionProperties) = preSolution
		HideSolutionNode = FALSE
	EndGlobalSection
	GlobalSection(ExtensibilityGlobals) = postSolution
		SolutionGuid = {77CE83AE-8522-4EDF-B8C2-837026EDEB87}
	EndGlobalSection
EndGlobal
