
Microsoft Visual Studio Solution File, Format Version 12.00
# Visual Studio Version 17
VisualStudioVersion = 17.7.34024.191
MinimumVisualStudioVersion = 10.0.40219.1
Project("{FAE04EC0-301F-11D3-BF4B-00C04F79EFBC}") = "01-Entry", "01-Entry\01-Entry.csproj", "{10E5C53C-D6D0-47DC-9B71-C01CA48B21C1}"
EndProject
Project("{FAE04EC0-301F-11D3-BF4B-00C04F79EFBC}") = "02-String", "02-String\02-String.csproj", "{A4A87999-07E6-4BF6-A672-1734C22F293E}"
EndProject
Project("{FAE04EC0-301F-11D3-BF4B-00C04F79EFBC}") = "03-Char", "03-Char\03-Char.csproj", "{18EB66FA-E551-4AEE-A16C-3507B335AEB0}"
EndProject
Project("{FAE04EC0-301F-11D3-BF4B-00C04F79EFBC}") = "04-Numbers", "04-Numbers\04-Numbers.csproj", "{CE7611E5-112E-452E-ACBE-D1A675472F9B}"
EndProject
Project("{FAE04EC0-301F-11D3-BF4B-00C04F79EFBC}") = "05-Boolean", "05-Boolean\05-Boolean.csproj", "{D0A483BB-8E1D-405D-8B0E-07E0ABFFA78C}"
EndProject
Project("{FAE04EC0-301F-11D3-BF4B-00C04F79EFBC}") = "06-Variable Fields", "06-Variable Fields\06-Variable Fields.csproj", "{FCB9292D-9EFC-4C54-9D33-78F5ECAE9A01}"
EndProject
Project("{FAE04EC0-301F-11D3-BF4B-00C04F79EFBC}") = "07-Time Values", "07-Time Values\07-Time Values.csproj", "{D9D7E1F0-04E7-45E7-B4D4-F2D1C50AFFD2}"
EndProject
Project("{FAE04EC0-301F-11D3-BF4B-00C04F79EFBC}") = "08-IsOperator", "08-IsOperator\08-IsOperator.csproj", "{D0A53611-BCBA-4D59-A470-F86380050004}"
EndProject
Project("{FAE04EC0-301F-11D3-BF4B-00C04F79EFBC}") = "09-AsOperator", "09-AsOperator\09-AsOperator.csproj", "{40B79156-393B-44EF-8840-2A2E1C7FF741}"
EndProject
Project("{FAE04EC0-301F-11D3-BF4B-00C04F79EFBC}") = "10-Exercise", "10-Exercise\10-Exercise.csproj", "{25AE2DE3-F1F9-4760-AA91-6E5D59B2CFE6}"
EndProject
Project("{FAE04EC0-301F-11D3-BF4B-00C04F79EFBC}") = "11-For Loop", "11-For Loop\11-For Loop.csproj", "{5BA5161D-314C-44DC-842C-BC212F076245}"
EndProject
Project("{FAE04EC0-301F-11D3-BF4B-00C04F79EFBC}") = "12-Nested For Loop", "12-Nested For Loop\12-Nested For Loop.csproj", "{00316977-D8A5-4606-904D-377186A94C8C}"
EndProject
Project("{FAE04EC0-301F-11D3-BF4B-00C04F79EFBC}") = "13-Exercise", "12-Exercise\13-Exercise.csproj", "{C97D1372-4411-4943-94EF-FD010931BCAD}"
EndProject
Project("{FAE04EC0-301F-11D3-BF4B-00C04F79EFBC}") = "14-Foreach Loop", "14-Foreach Loop\14-Foreach Loop.csproj", "{40CF2B12-5550-494E-B4F0-90B584D5DB30}"
EndProject
Project("{FAE04EC0-301F-11D3-BF4B-00C04F79EFBC}") = "15-While Loop", "15-While Loop\15-While Loop.csproj", "{5A756036-BE88-4BFF-A9C5-73E48E4D2FC4}"
EndProject
Project("{FAE04EC0-301F-11D3-BF4B-00C04F79EFBC}") = "16-Exercise", "16-Exercise\16-Exercise.csproj", "{CA8D4D7A-F6DE-43B9-99B8-5474187B418D}"
EndProject
Project("{FAE04EC0-301F-11D3-BF4B-00C04F79EFBC}") = "17-Do While Loop", "17-Do While Loop\17-Do While Loop.csproj", "{95B61FE1-6CF4-4575-90FA-EBCB4467EA37}"
EndProject
Project("{FAE04EC0-301F-11D3-BF4B-00C04F79EFBC}") = "18-Arrays", "18-Arrays\18-Arrays.csproj", "{96D25593-9CC0-45B5-8B52-89D49232A63F}"
EndProject
Project("{FAE04EC0-301F-11D3-BF4B-00C04F79EFBC}") = "19-Array Exercise", "19-Array Exercise\19-Array Exercise.csproj", "{01F1CA9B-5D2F-460D-9524-E4CE5596158F}"
EndProject
Project("{FAE04EC0-301F-11D3-BF4B-00C04F79EFBC}") = "20-ArrayList", "20-ArrayList\20-ArrayList.csproj", "{13D6E47A-ABA7-4278-9A77-C7B6B44174B6}"
EndProject
Project("{FAE04EC0-301F-11D3-BF4B-00C04F79EFBC}") = "21-Hashtable", "21-Hash Table\21-Hashtable.csproj", "{64201B85-83C8-4E6C-92DD-A61A531E99A0}"
EndProject
Project("{FAE04EC0-301F-11D3-BF4B-00C04F79EFBC}") = "22-Hashtable Exercise", "22-Hashtable Exercise\22-Hashtable Exercise.csproj", "{65D4E4BA-49A3-4176-B192-BDE7750647D5}"
EndProject
Project("{FAE04EC0-301F-11D3-BF4B-00C04F79EFBC}") = "23-SortedList", "23-SortedList\23-SortedList.csproj", "{408BD39E-3ADF-46CE-A30B-55EB29E3D75D}"
EndProject
Project("{FAE04EC0-301F-11D3-BF4B-00C04F79EFBC}") = "24-Stack", "24-Stack\24-Stack.csproj", "{7CB7DEE2-DD5F-4737-BD65-F9AABF3CF074}"
EndProject
Project("{FAE04EC0-301F-11D3-BF4B-00C04F79EFBC}") = "25-Queue", "25-Queue\25-Queue.csproj", "{CFBB53C1-2917-4325-9D95-1842F22B6149}"
EndProject
Project("{FAE04EC0-301F-11D3-BF4B-00C04F79EFBC}") = "26-Method Entry", "26-Method Entry\26-Method Entry.csproj", "{284C7F5E-1CBE-4F94-8211-B015EF628BD6}"
EndProject
Project("{FAE04EC0-301F-11D3-BF4B-00C04F79EFBC}") = "27-Method Exercises", "27-Method Exercises\27-Method Exercises.csproj", "{7B898C5E-3E7C-4387-9CD0-DCF2EF5D07BA}"
EndProject
Project("{FAE04EC0-301F-11D3-BF4B-00C04F79EFBC}") = "28-Using Ref and Out", "28-Using Ref and Out\28-Using Ref and Out.csproj", "{6D5A3A3F-6169-43FB-943A-72158652EF7D}"
EndProject
Project("{FAE04EC0-301F-11D3-BF4B-00C04F79EFBC}") = "30-Overloading", "30-Overloading\30-Overloading.csproj", "{DE6E0BED-5C9C-4FE7-88E1-3FAD8783BE9F}"
EndProject
Project("{FAE04EC0-301F-11D3-BF4B-00C04F79EFBC}") = "29-Params", "29-Params\29-Params.csproj", "{3E6B89B7-1309-4210-A905-480EC7B44600}"
EndProject
Project("{FAE04EC0-301F-11D3-BF4B-00C04F79EFBC}") = "31-MethodsInMethods", "31-MethodsInMethods\31-MethodsInMethods.csproj", "{F4E4D836-C6B9-480F-A947-A97BEFC6B22A}"
EndProject
Project("{FAE04EC0-301F-11D3-BF4B-00C04F79EFBC}") = "32-LocalFunctions", "32-LocalFunctions\32-LocalFunctions.csproj", "{694689BE-1647-4F47-90FA-23AA63CD77FE}"
EndProject
Global
	GlobalSection(SolutionConfigurationPlatforms) = preSolution
		Debug|Any CPU = Debug|Any CPU
		Release|Any CPU = Release|Any CPU
	EndGlobalSection
	GlobalSection(ProjectConfigurationPlatforms) = postSolution
		{10E5C53C-D6D0-47DC-9B71-C01CA48B21C1}.Debug|Any CPU.ActiveCfg = Debug|Any CPU
		{10E5C53C-D6D0-47DC-9B71-C01CA48B21C1}.Debug|Any CPU.Build.0 = Debug|Any CPU
		{10E5C53C-D6D0-47DC-9B71-C01CA48B21C1}.Release|Any CPU.ActiveCfg = Release|Any CPU
		{10E5C53C-D6D0-47DC-9B71-C01CA48B21C1}.Release|Any CPU.Build.0 = Release|Any CPU
		{A4A87999-07E6-4BF6-A672-1734C22F293E}.Debug|Any CPU.ActiveCfg = Debug|Any CPU
		{A4A87999-07E6-4BF6-A672-1734C22F293E}.Debug|Any CPU.Build.0 = Debug|Any CPU
		{A4A87999-07E6-4BF6-A672-1734C22F293E}.Release|Any CPU.ActiveCfg = Release|Any CPU
		{A4A87999-07E6-4BF6-A672-1734C22F293E}.Release|Any CPU.Build.0 = Release|Any CPU
		{18EB66FA-E551-4AEE-A16C-3507B335AEB0}.Debug|Any CPU.ActiveCfg = Debug|Any CPU
		{18EB66FA-E551-4AEE-A16C-3507B335AEB0}.Debug|Any CPU.Build.0 = Debug|Any CPU
		{18EB66FA-E551-4AEE-A16C-3507B335AEB0}.Release|Any CPU.ActiveCfg = Release|Any CPU
		{18EB66FA-E551-4AEE-A16C-3507B335AEB0}.Release|Any CPU.Build.0 = Release|Any CPU
		{CE7611E5-112E-452E-ACBE-D1A675472F9B}.Debug|Any CPU.ActiveCfg = Debug|Any CPU
		{CE7611E5-112E-452E-ACBE-D1A675472F9B}.Debug|Any CPU.Build.0 = Debug|Any CPU
		{CE7611E5-112E-452E-ACBE-D1A675472F9B}.Release|Any CPU.ActiveCfg = Release|Any CPU
		{CE7611E5-112E-452E-ACBE-D1A675472F9B}.Release|Any CPU.Build.0 = Release|Any CPU
		{D0A483BB-8E1D-405D-8B0E-07E0ABFFA78C}.Debug|Any CPU.ActiveCfg = Debug|Any CPU
		{D0A483BB-8E1D-405D-8B0E-07E0ABFFA78C}.Debug|Any CPU.Build.0 = Debug|Any CPU
		{D0A483BB-8E1D-405D-8B0E-07E0ABFFA78C}.Release|Any CPU.ActiveCfg = Release|Any CPU
		{D0A483BB-8E1D-405D-8B0E-07E0ABFFA78C}.Release|Any CPU.Build.0 = Release|Any CPU
		{FCB9292D-9EFC-4C54-9D33-78F5ECAE9A01}.Debug|Any CPU.ActiveCfg = Debug|Any CPU
		{FCB9292D-9EFC-4C54-9D33-78F5ECAE9A01}.Debug|Any CPU.Build.0 = Debug|Any CPU
		{FCB9292D-9EFC-4C54-9D33-78F5ECAE9A01}.Release|Any CPU.ActiveCfg = Release|Any CPU
		{FCB9292D-9EFC-4C54-9D33-78F5ECAE9A01}.Release|Any CPU.Build.0 = Release|Any CPU
		{D9D7E1F0-04E7-45E7-B4D4-F2D1C50AFFD2}.Debug|Any CPU.ActiveCfg = Debug|Any CPU
		{D9D7E1F0-04E7-45E7-B4D4-F2D1C50AFFD2}.Debug|Any CPU.Build.0 = Debug|Any CPU
		{D9D7E1F0-04E7-45E7-B4D4-F2D1C50AFFD2}.Release|Any CPU.ActiveCfg = Release|Any CPU
		{D9D7E1F0-04E7-45E7-B4D4-F2D1C50AFFD2}.Release|Any CPU.Build.0 = Release|Any CPU
		{D0A53611-BCBA-4D59-A470-F86380050004}.Debug|Any CPU.ActiveCfg = Debug|Any CPU
		{D0A53611-BCBA-4D59-A470-F86380050004}.Debug|Any CPU.Build.0 = Debug|Any CPU
		{D0A53611-BCBA-4D59-A470-F86380050004}.Release|Any CPU.ActiveCfg = Release|Any CPU
		{D0A53611-BCBA-4D59-A470-F86380050004}.Release|Any CPU.Build.0 = Release|Any CPU
		{40B79156-393B-44EF-8840-2A2E1C7FF741}.Debug|Any CPU.ActiveCfg = Debug|Any CPU
		{40B79156-393B-44EF-8840-2A2E1C7FF741}.Debug|Any CPU.Build.0 = Debug|Any CPU
		{40B79156-393B-44EF-8840-2A2E1C7FF741}.Release|Any CPU.ActiveCfg = Release|Any CPU
		{40B79156-393B-44EF-8840-2A2E1C7FF741}.Release|Any CPU.Build.0 = Release|Any CPU
		{25AE2DE3-F1F9-4760-AA91-6E5D59B2CFE6}.Debug|Any CPU.ActiveCfg = Debug|Any CPU
		{25AE2DE3-F1F9-4760-AA91-6E5D59B2CFE6}.Debug|Any CPU.Build.0 = Debug|Any CPU
		{25AE2DE3-F1F9-4760-AA91-6E5D59B2CFE6}.Release|Any CPU.ActiveCfg = Release|Any CPU
		{25AE2DE3-F1F9-4760-AA91-6E5D59B2CFE6}.Release|Any CPU.Build.0 = Release|Any CPU
		{5BA5161D-314C-44DC-842C-BC212F076245}.Debug|Any CPU.ActiveCfg = Debug|Any CPU
		{5BA5161D-314C-44DC-842C-BC212F076245}.Debug|Any CPU.Build.0 = Debug|Any CPU
		{5BA5161D-314C-44DC-842C-BC212F076245}.Release|Any CPU.ActiveCfg = Release|Any CPU
		{5BA5161D-314C-44DC-842C-BC212F076245}.Release|Any CPU.Build.0 = Release|Any CPU
		{00316977-D8A5-4606-904D-377186A94C8C}.Debug|Any CPU.ActiveCfg = Debug|Any CPU
		{00316977-D8A5-4606-904D-377186A94C8C}.Debug|Any CPU.Build.0 = Debug|Any CPU
		{00316977-D8A5-4606-904D-377186A94C8C}.Release|Any CPU.ActiveCfg = Release|Any CPU
		{00316977-D8A5-4606-904D-377186A94C8C}.Release|Any CPU.Build.0 = Release|Any CPU
		{C97D1372-4411-4943-94EF-FD010931BCAD}.Debug|Any CPU.ActiveCfg = Debug|Any CPU
		{C97D1372-4411-4943-94EF-FD010931BCAD}.Debug|Any CPU.Build.0 = Debug|Any CPU
		{C97D1372-4411-4943-94EF-FD010931BCAD}.Release|Any CPU.ActiveCfg = Release|Any CPU
		{C97D1372-4411-4943-94EF-FD010931BCAD}.Release|Any CPU.Build.0 = Release|Any CPU
		{40CF2B12-5550-494E-B4F0-90B584D5DB30}.Debug|Any CPU.ActiveCfg = Debug|Any CPU
		{40CF2B12-5550-494E-B4F0-90B584D5DB30}.Debug|Any CPU.Build.0 = Debug|Any CPU
		{40CF2B12-5550-494E-B4F0-90B584D5DB30}.Release|Any CPU.ActiveCfg = Release|Any CPU
		{40CF2B12-5550-494E-B4F0-90B584D5DB30}.Release|Any CPU.Build.0 = Release|Any CPU
		{5A756036-BE88-4BFF-A9C5-73E48E4D2FC4}.Debug|Any CPU.ActiveCfg = Debug|Any CPU
		{5A756036-BE88-4BFF-A9C5-73E48E4D2FC4}.Debug|Any CPU.Build.0 = Debug|Any CPU
		{5A756036-BE88-4BFF-A9C5-73E48E4D2FC4}.Release|Any CPU.ActiveCfg = Release|Any CPU
		{5A756036-BE88-4BFF-A9C5-73E48E4D2FC4}.Release|Any CPU.Build.0 = Release|Any CPU
		{CA8D4D7A-F6DE-43B9-99B8-5474187B418D}.Debug|Any CPU.ActiveCfg = Debug|Any CPU
		{CA8D4D7A-F6DE-43B9-99B8-5474187B418D}.Debug|Any CPU.Build.0 = Debug|Any CPU
		{CA8D4D7A-F6DE-43B9-99B8-5474187B418D}.Release|Any CPU.ActiveCfg = Release|Any CPU
		{CA8D4D7A-F6DE-43B9-99B8-5474187B418D}.Release|Any CPU.Build.0 = Release|Any CPU
		{95B61FE1-6CF4-4575-90FA-EBCB4467EA37}.Debug|Any CPU.ActiveCfg = Debug|Any CPU
		{95B61FE1-6CF4-4575-90FA-EBCB4467EA37}.Debug|Any CPU.Build.0 = Debug|Any CPU
		{95B61FE1-6CF4-4575-90FA-EBCB4467EA37}.Release|Any CPU.ActiveCfg = Release|Any CPU
		{95B61FE1-6CF4-4575-90FA-EBCB4467EA37}.Release|Any CPU.Build.0 = Release|Any CPU
		{96D25593-9CC0-45B5-8B52-89D49232A63F}.Debug|Any CPU.ActiveCfg = Debug|Any CPU
		{96D25593-9CC0-45B5-8B52-89D49232A63F}.Debug|Any CPU.Build.0 = Debug|Any CPU
		{96D25593-9CC0-45B5-8B52-89D49232A63F}.Release|Any CPU.ActiveCfg = Release|Any CPU
		{96D25593-9CC0-45B5-8B52-89D49232A63F}.Release|Any CPU.Build.0 = Release|Any CPU
		{01F1CA9B-5D2F-460D-9524-E4CE5596158F}.Debug|Any CPU.ActiveCfg = Debug|Any CPU
		{01F1CA9B-5D2F-460D-9524-E4CE5596158F}.Debug|Any CPU.Build.0 = Debug|Any CPU
		{01F1CA9B-5D2F-460D-9524-E4CE5596158F}.Release|Any CPU.ActiveCfg = Release|Any CPU
		{01F1CA9B-5D2F-460D-9524-E4CE5596158F}.Release|Any CPU.Build.0 = Release|Any CPU
		{13D6E47A-ABA7-4278-9A77-C7B6B44174B6}.Debug|Any CPU.ActiveCfg = Debug|Any CPU
		{13D6E47A-ABA7-4278-9A77-C7B6B44174B6}.Debug|Any CPU.Build.0 = Debug|Any CPU
		{13D6E47A-ABA7-4278-9A77-C7B6B44174B6}.Release|Any CPU.ActiveCfg = Release|Any CPU
		{13D6E47A-ABA7-4278-9A77-C7B6B44174B6}.Release|Any CPU.Build.0 = Release|Any CPU
		{64201B85-83C8-4E6C-92DD-A61A531E99A0}.Debug|Any CPU.ActiveCfg = Debug|Any CPU
		{64201B85-83C8-4E6C-92DD-A61A531E99A0}.Debug|Any CPU.Build.0 = Debug|Any CPU
		{64201B85-83C8-4E6C-92DD-A61A531E99A0}.Release|Any CPU.ActiveCfg = Release|Any CPU
		{64201B85-83C8-4E6C-92DD-A61A531E99A0}.Release|Any CPU.Build.0 = Release|Any CPU
		{65D4E4BA-49A3-4176-B192-BDE7750647D5}.Debug|Any CPU.ActiveCfg = Debug|Any CPU
		{65D4E4BA-49A3-4176-B192-BDE7750647D5}.Debug|Any CPU.Build.0 = Debug|Any CPU
		{65D4E4BA-49A3-4176-B192-BDE7750647D5}.Release|Any CPU.ActiveCfg = Release|Any CPU
		{65D4E4BA-49A3-4176-B192-BDE7750647D5}.Release|Any CPU.Build.0 = Release|Any CPU
		{408BD39E-3ADF-46CE-A30B-55EB29E3D75D}.Debug|Any CPU.ActiveCfg = Debug|Any CPU
		{408BD39E-3ADF-46CE-A30B-55EB29E3D75D}.Debug|Any CPU.Build.0 = Debug|Any CPU
		{408BD39E-3ADF-46CE-A30B-55EB29E3D75D}.Release|Any CPU.ActiveCfg = Release|Any CPU
		{408BD39E-3ADF-46CE-A30B-55EB29E3D75D}.Release|Any CPU.Build.0 = Release|Any CPU
		{7CB7DEE2-DD5F-4737-BD65-F9AABF3CF074}.Debug|Any CPU.ActiveCfg = Debug|Any CPU
		{7CB7DEE2-DD5F-4737-BD65-F9AABF3CF074}.Debug|Any CPU.Build.0 = Debug|Any CPU
		{7CB7DEE2-DD5F-4737-BD65-F9AABF3CF074}.Release|Any CPU.ActiveCfg = Release|Any CPU
		{7CB7DEE2-DD5F-4737-BD65-F9AABF3CF074}.Release|Any CPU.Build.0 = Release|Any CPU
		{CFBB53C1-2917-4325-9D95-1842F22B6149}.Debug|Any CPU.ActiveCfg = Debug|Any CPU
		{CFBB53C1-2917-4325-9D95-1842F22B6149}.Debug|Any CPU.Build.0 = Debug|Any CPU
		{CFBB53C1-2917-4325-9D95-1842F22B6149}.Release|Any CPU.ActiveCfg = Release|Any CPU
		{CFBB53C1-2917-4325-9D95-1842F22B6149}.Release|Any CPU.Build.0 = Release|Any CPU
		{284C7F5E-1CBE-4F94-8211-B015EF628BD6}.Debug|Any CPU.ActiveCfg = Debug|Any CPU
		{284C7F5E-1CBE-4F94-8211-B015EF628BD6}.Debug|Any CPU.Build.0 = Debug|Any CPU
		{284C7F5E-1CBE-4F94-8211-B015EF628BD6}.Release|Any CPU.ActiveCfg = Release|Any CPU
		{284C7F5E-1CBE-4F94-8211-B015EF628BD6}.Release|Any CPU.Build.0 = Release|Any CPU
		{7B898C5E-3E7C-4387-9CD0-DCF2EF5D07BA}.Debug|Any CPU.ActiveCfg = Debug|Any CPU
		{7B898C5E-3E7C-4387-9CD0-DCF2EF5D07BA}.Debug|Any CPU.Build.0 = Debug|Any CPU
		{7B898C5E-3E7C-4387-9CD0-DCF2EF5D07BA}.Release|Any CPU.ActiveCfg = Release|Any CPU
		{7B898C5E-3E7C-4387-9CD0-DCF2EF5D07BA}.Release|Any CPU.Build.0 = Release|Any CPU
		{6D5A3A3F-6169-43FB-943A-72158652EF7D}.Debug|Any CPU.ActiveCfg = Debug|Any CPU
		{6D5A3A3F-6169-43FB-943A-72158652EF7D}.Debug|Any CPU.Build.0 = Debug|Any CPU
		{6D5A3A3F-6169-43FB-943A-72158652EF7D}.Release|Any CPU.ActiveCfg = Release|Any CPU
		{6D5A3A3F-6169-43FB-943A-72158652EF7D}.Release|Any CPU.Build.0 = Release|Any CPU
		{DE6E0BED-5C9C-4FE7-88E1-3FAD8783BE9F}.Debug|Any CPU.ActiveCfg = Debug|Any CPU
		{DE6E0BED-5C9C-4FE7-88E1-3FAD8783BE9F}.Debug|Any CPU.Build.0 = Debug|Any CPU
		{DE6E0BED-5C9C-4FE7-88E1-3FAD8783BE9F}.Release|Any CPU.ActiveCfg = Release|Any CPU
		{DE6E0BED-5C9C-4FE7-88E1-3FAD8783BE9F}.Release|Any CPU.Build.0 = Release|Any CPU
		{3E6B89B7-1309-4210-A905-480EC7B44600}.Debug|Any CPU.ActiveCfg = Debug|Any CPU
		{3E6B89B7-1309-4210-A905-480EC7B44600}.Debug|Any CPU.Build.0 = Debug|Any CPU
		{3E6B89B7-1309-4210-A905-480EC7B44600}.Release|Any CPU.ActiveCfg = Release|Any CPU
		{3E6B89B7-1309-4210-A905-480EC7B44600}.Release|Any CPU.Build.0 = Release|Any CPU
		{F4E4D836-C6B9-480F-A947-A97BEFC6B22A}.Debug|Any CPU.ActiveCfg = Debug|Any CPU
		{F4E4D836-C6B9-480F-A947-A97BEFC6B22A}.Debug|Any CPU.Build.0 = Debug|Any CPU
		{F4E4D836-C6B9-480F-A947-A97BEFC6B22A}.Release|Any CPU.ActiveCfg = Release|Any CPU
		{F4E4D836-C6B9-480F-A947-A97BEFC6B22A}.Release|Any CPU.Build.0 = Release|Any CPU
		{694689BE-1647-4F47-90FA-23AA63CD77FE}.Debug|Any CPU.ActiveCfg = Debug|Any CPU
		{694689BE-1647-4F47-90FA-23AA63CD77FE}.Debug|Any CPU.Build.0 = Debug|Any CPU
		{694689BE-1647-4F47-90FA-23AA63CD77FE}.Release|Any CPU.ActiveCfg = Release|Any CPU
		{694689BE-1647-4F47-90FA-23AA63CD77FE}.Release|Any CPU.Build.0 = Release|Any CPU
	EndGlobalSection
	GlobalSection(SolutionProperties) = preSolution
		HideSolutionNode = FALSE
	EndGlobalSection
	GlobalSection(ExtensibilityGlobals) = postSolution
		SolutionGuid = {77CE83AE-8522-4EDF-B8C2-837026EDEB87}
	EndGlobalSection
EndGlobal
